Microsoft Visual Studio Solution File, Format Version 11.00
# Visual Studio 2008

Project("{8DD4FF57-007A-A17B-F16E-5CE1446F9B0F}") = "rubik", "Assembly-CSharp-firstpass.csproj", "{D28EB430-4D46-D862-9573-41C32E33B233}"
EndProject
Project("{8DD4FF57-007A-A17B-F16E-5CE1446F9B0F}") = "rubik", "Assembly-CSharp.csproj", "{AA8DA9D3-C401-6774-4325-421F9D23B49C}"
EndProject
Project("{8DD4FF57-007A-A17B-F16E-5CE1446F9B0F}") = "rubik", "Assembly-CSharp-Editor.csproj", "{F951381F-7AE2-952C-4548-88149BF1FD32}"
EndProject
Global
	GlobalSection(SolutionConfigurationPlatforms) = preSolution
		Debug|Any CPU = Debug|Any CPU
		Release|Any CPU = Release|Any CPU
	EndGlobalSection
	GlobalSection(ProjectConfigurationPlatforms) = postSolution
		{D28EB430-4D46-D862-9573-41C32E33B233}.Debug|Any CPU.ActiveCfg = Debug|Any CPU
		{D28EB430-4D46-D862-9573-41C32E33B233}.Debug|Any CPU.Build.0 = Debug|Any CPU
		{D28EB430-4D46-D862-9573-41C32E33B233}.Release|Any CPU.ActiveCfg = Release|Any CPU
		{D28EB430-4D46-D862-9573-41C32E33B233}.Release|Any CPU.Build.0 = Release|Any CPU
		{AA8DA9D3-C401-6774-4325-421F9D23B49C}.Debug|Any CPU.ActiveCfg = Debug|Any CPU
		{AA8DA9D3-C401-6774-4325-421F9D23B49C}.Debug|Any CPU.Build.0 = Debug|Any CPU
		{AA8DA9D3-C401-6774-4325-421F9D23B49C}.Release|Any CPU.ActiveCfg = Release|Any CPU
		{AA8DA9D3-C401-6774-4325-421F9D23B49C}.Release|Any CPU.Build.0 = Release|Any CPU
		{F951381F-7AE2-952C-4548-88149BF1FD32}.Debug|Any CPU.ActiveCfg = Debug|Any CPU
		{F951381F-7AE2-952C-4548-88149BF1FD32}.Debug|Any CPU.Build.0 = Debug|Any CPU
		{F951381F-7AE2-952C-4548-88149BF1FD32}.Release|Any CPU.ActiveCfg = Release|Any CPU
		{F951381F-7AE2-952C-4548-88149BF1FD32}.Release|Any CPU.Build.0 = Release|Any CPU
	EndGlobalSection
	GlobalSection(SolutionProperties) = preSolution
		HideSolutionNode = FALSE
	EndGlobalSection
																																																																																																																																																																																																																																																																																																																																																																																																																																																	GlobalSection(MonoDevelopProperties) = preSolution
		StartupItem = Assembly-CSharp.csproj
		Policies = $0
		$0.TextStylePolicy = $1
		$1.inheritsSet = null
		$1.scope = text/x-csharp
		$0.CSharpFormattingPolicy = $2
		$2.inheritsSet = Mono
		$2.inheritsScope = text/x-csharp
		$2.scope = text/x-csharp
		$0.TextStylePolicy = $3
		$3.FileWidth = 120
		$3.TabWidth = 4
		$3.EolMarker = Unix
		$3.inheritsSet = Mono
		$3.inheritsScope = text/plain
		$3.scope = text/plain
	EndGlobalSection
EndGlobal
